// !$*UTF8*$!
{
	archiveVersion = 1;
	classes = {
	};
	objectVersion = 55;
	objects = {

/* Begin PBXBuildFile section */
		DE1E2DD1278F4FB600D6C454 /* Tests+Extensions.swift in Sources */ = {isa = PBXBuildFile; fileRef = DE1E2DD0278F4FB600D6C454 /* Tests+Extensions.swift */; };
		DE3A444E277E2BB3003932CE /* DomainError.swift in Sources */ = {isa = PBXBuildFile; fileRef = DE3A444D277E2BB3003932CE /* DomainError.swift */; };
		DE3A4451277E2F19003932CE /* HttpError.swift in Sources */ = {isa = PBXBuildFile; fileRef = DE3A4450277E2F19003932CE /* HttpError.swift */; };
		DE3A4453277E4177003932CE /* Data+Extensions.swift in Sources */ = {isa = PBXBuildFile; fileRef = DE3A4452277E4177003932CE /* Data+Extensions.swift */; };
		DE49BF332768D13A00C71A55 /* AddAccount.swift in Sources */ = {isa = PBXBuildFile; fileRef = DE49BF322768D13A00C71A55 /* AddAccount.swift */; };
		DE49BF352768D1F500C71A55 /* AccountModel.swift in Sources */ = {isa = PBXBuildFile; fileRef = DE49BF342768D1F500C71A55 /* AccountModel.swift */; };
		DE49BF372768D21100C71A55 /* AddAccountModel.swift in Sources */ = {isa = PBXBuildFile; fileRef = DE49BF362768D21100C71A55 /* AddAccountModel.swift */; };
		DE49BF452768D2ED00C71A55 /* Data.framework in Frameworks */ = {isa = PBXBuildFile; fileRef = DE49BF3D2768D2EC00C71A55 /* Data.framework */; };
		DE49BF4A2768D2ED00C71A55 /* RemoteAddAccountTests.swift in Sources */ = {isa = PBXBuildFile; fileRef = DE49BF492768D2ED00C71A55 /* RemoteAddAccountTests.swift */; };
		DE49BF532768D30B00C71A55 /* Domain.framework in Frameworks */ = {isa = PBXBuildFile; fileRef = DE49BF2B2768CEDC00C71A55 /* Domain.framework */; };
		DE49BF542768D30B00C71A55 /* Domain.framework in Embed Frameworks */ = {isa = PBXBuildFile; fileRef = DE49BF2B2768CEDC00C71A55 /* Domain.framework */; settings = {ATTRIBUTES = (CodeSignOnCopy, RemoveHeadersOnCopy, ); }; };
		DE569E36276B8D8C005F08E1 /* Model+Extensions.swift in Sources */ = {isa = PBXBuildFile; fileRef = DE569E35276B8D8B005F08E1 /* Model+Extensions.swift */; };
		DE569E38276B90E0005F08E1 /* RemoteAddAccount.swift in Sources */ = {isa = PBXBuildFile; fileRef = DE569E37276B90E0005F08E1 /* RemoteAddAccount.swift */; };
		DE569E3A276B911D005F08E1 /* HttpPostClientProtocol.swift in Sources */ = {isa = PBXBuildFile; fileRef = DE569E39276B911D005F08E1 /* HttpPostClientProtocol.swift */; };
		DECFB1D12790D60800A6BB24 /* TestFactories.swift in Sources */ = {isa = PBXBuildFile; fileRef = DECFB1D02790D60800A6BB24 /* TestFactories.swift */; };
		DECFB1D42790D66300A6BB24 /* HttpClientSpy.swift in Sources */ = {isa = PBXBuildFile; fileRef = DECFB1D32790D66300A6BB24 /* HttpClientSpy.swift */; };
		DECFB1D62790D6B500A6BB24 /* AccountModelFactory.swift in Sources */ = {isa = PBXBuildFile; fileRef = DECFB1D52790D6B500A6BB24 /* AccountModelFactory.swift */; };
/* End PBXBuildFile section */

/* Begin PBXContainerItemProxy section */
		DE49BF462768D2ED00C71A55 /* PBXContainerItemProxy */ = {
			isa = PBXContainerItemProxy;
			containerPortal = DE49BF132767D62900C71A55 /* Project object */;
			proxyType = 1;
			remoteGlobalIDString = DE49BF3C2768D2EC00C71A55;
			remoteInfo = Data;
		};
		DE49BF552768D30B00C71A55 /* PBXContainerItemProxy */ = {
			isa = PBXContainerItemProxy;
			containerPortal = DE49BF132767D62900C71A55 /* Project object */;
			proxyType = 1;
			remoteGlobalIDString = DE49BF2A2768CEDC00C71A55;
			remoteInfo = Domain;
		};
/* End PBXContainerItemProxy section */

/* Begin PBXCopyFilesBuildPhase section */
		DE49BF572768D30B00C71A55 /* Embed Frameworks */ = {
			isa = PBXCopyFilesBuildPhase;
			buildActionMask = 2147483647;
			dstPath = "";
			dstSubfolderSpec = 10;
			files = (
				DE49BF542768D30B00C71A55 /* Domain.framework in Embed Frameworks */,
			);
			name = "Embed Frameworks";
			runOnlyForDeploymentPostprocessing = 0;
		};
/* End PBXCopyFilesBuildPhase section */

/* Begin PBXFileReference section */
		DE1E2DD0278F4FB600D6C454 /* Tests+Extensions.swift */ = {isa = PBXFileReference; lastKnownFileType = sourcecode.swift; path = "Tests+Extensions.swift"; sourceTree = "<group>"; };
		DE3A444D277E2BB3003932CE /* DomainError.swift */ = {isa = PBXFileReference; lastKnownFileType = sourcecode.swift; path = DomainError.swift; sourceTree = "<group>"; };
		DE3A4450277E2F19003932CE /* HttpError.swift */ = {isa = PBXFileReference; lastKnownFileType = sourcecode.swift; path = HttpError.swift; sourceTree = "<group>"; };
		DE3A4452277E4177003932CE /* Data+Extensions.swift */ = {isa = PBXFileReference; lastKnownFileType = sourcecode.swift; path = "Data+Extensions.swift"; sourceTree = "<group>"; };
		DE49BF2B2768CEDC00C71A55 /* Domain.framework */ = {isa = PBXFileReference; explicitFileType = wrapper.framework; includeInIndex = 0; path = Domain.framework; sourceTree = BUILT_PRODUCTS_DIR; };
		DE49BF322768D13A00C71A55 /* AddAccount.swift */ = {isa = PBXFileReference; lastKnownFileType = sourcecode.swift; path = AddAccount.swift; sourceTree = "<group>"; };
		DE49BF342768D1F500C71A55 /* AccountModel.swift */ = {isa = PBXFileReference; lastKnownFileType = sourcecode.swift; path = AccountModel.swift; sourceTree = "<group>"; };
		DE49BF362768D21100C71A55 /* AddAccountModel.swift */ = {isa = PBXFileReference; lastKnownFileType = sourcecode.swift; path = AddAccountModel.swift; sourceTree = "<group>"; };
		DE49BF3D2768D2EC00C71A55 /* Data.framework */ = {isa = PBXFileReference; explicitFileType = wrapper.framework; includeInIndex = 0; path = Data.framework; sourceTree = BUILT_PRODUCTS_DIR; };
		DE49BF442768D2ED00C71A55 /* DataTests.xctest */ = {isa = PBXFileReference; explicitFileType = wrapper.cfbundle; includeInIndex = 0; path = DataTests.xctest; sourceTree = BUILT_PRODUCTS_DIR; };
		DE49BF492768D2ED00C71A55 /* RemoteAddAccountTests.swift */ = {isa = PBXFileReference; lastKnownFileType = sourcecode.swift; path = RemoteAddAccountTests.swift; sourceTree = "<group>"; };
		DE569E35276B8D8B005F08E1 /* Model+Extensions.swift */ = {isa = PBXFileReference; lastKnownFileType = sourcecode.swift; path = "Model+Extensions.swift"; sourceTree = "<group>"; };
		DE569E37276B90E0005F08E1 /* RemoteAddAccount.swift */ = {isa = PBXFileReference; lastKnownFileType = sourcecode.swift; path = RemoteAddAccount.swift; sourceTree = "<group>"; };
		DE569E39276B911D005F08E1 /* HttpPostClientProtocol.swift */ = {isa = PBXFileReference; lastKnownFileType = sourcecode.swift; path = HttpPostClientProtocol.swift; sourceTree = "<group>"; };
		DECFB1D02790D60800A6BB24 /* TestFactories.swift */ = {isa = PBXFileReference; lastKnownFileType = sourcecode.swift; path = TestFactories.swift; sourceTree = "<group>"; };
		DECFB1D32790D66300A6BB24 /* HttpClientSpy.swift */ = {isa = PBXFileReference; lastKnownFileType = sourcecode.swift; path = HttpClientSpy.swift; sourceTree = "<group>"; };
		DECFB1D52790D6B500A6BB24 /* AccountModelFactory.swift */ = {isa = PBXFileReference; lastKnownFileType = sourcecode.swift; path = AccountModelFactory.swift; sourceTree = "<group>"; };
/* End PBXFileReference section */

/* Begin PBXFrameworksBuildPhase section */
		DE49BF282768CEDC00C71A55 /* Frameworks */ = {
			isa = PBXFrameworksBuildPhase;
			buildActionMask = 2147483647;
			files = (
			);
			runOnlyForDeploymentPostprocessing = 0;
		};
		DE49BF3A2768D2EC00C71A55 /* Frameworks */ = {
			isa = PBXFrameworksBuildPhase;
			buildActionMask = 2147483647;
			files = (
				DE49BF532768D30B00C71A55 /* Domain.framework in Frameworks */,
			);
			runOnlyForDeploymentPostprocessing = 0;
		};
		DE49BF412768D2ED00C71A55 /* Frameworks */ = {
			isa = PBXFrameworksBuildPhase;
			buildActionMask = 2147483647;
			files = (
				DE49BF452768D2ED00C71A55 /* Data.framework in Frameworks */,
			);
			runOnlyForDeploymentPostprocessing = 0;
		};
/* End PBXFrameworksBuildPhase section */

/* Begin PBXGroup section */
		DE1E2DCE278F4F6000D6C454 /* Helpers */ = {
			isa = PBXGroup;
			children = (
				DE1E2DD0278F4FB600D6C454 /* Tests+Extensions.swift */,
				DECFB1D02790D60800A6BB24 /* TestFactories.swift */,
				DECFB1D52790D6B500A6BB24 /* AccountModelFactory.swift */,
			);
			path = Helpers;
			sourceTree = "<group>";
		};
		DE3A444F277E2BFD003932CE /* Error */ = {
			isa = PBXGroup;
			children = (
				DE3A444D277E2BB3003932CE /* DomainError.swift */,
			);
			path = Error;
			sourceTree = "<group>";
		};
		DE3A4454277E417B003932CE /* Helpers */ = {
			isa = PBXGroup;
			children = (
				DE3A4452277E4177003932CE /* Data+Extensions.swift */,
			);
			path = Helpers;
			sourceTree = "<group>";
		};
		DE49BF122767D62900C71A55 = {
			isa = PBXGroup;
			children = (
				DE49BF2C2768CEDC00C71A55 /* Domain */,
				DE49BF3E2768D2EC00C71A55 /* Data */,
				DE49BF482768D2ED00C71A55 /* DataTests */,
				DE49BF1D2767D62900C71A55 /* Products */,
				DE49BF522768D30B00C71A55 /* Frameworks */,
			);
			sourceTree = "<group>";
		};
		DE49BF1D2767D62900C71A55 /* Products */ = {
			isa = PBXGroup;
			children = (
				DE49BF2B2768CEDC00C71A55 /* Domain.framework */,
				DE49BF3D2768D2EC00C71A55 /* Data.framework */,
				DE49BF442768D2ED00C71A55 /* DataTests.xctest */,
			);
			name = Products;
			sourceTree = "<group>";
		};
		DE49BF2C2768CEDC00C71A55 /* Domain */ = {
			isa = PBXGroup;
			children = (
				DE569E3B276B922B005F08E1 /* UseCase */,
				DE569E3C276B9238005F08E1 /* Model */,
				DE569E35276B8D8B005F08E1 /* Model+Extensions.swift */,
				DE3A444F277E2BFD003932CE /* Error */,
			);
			path = Domain;
			sourceTree = "<group>";
		};
		DE49BF3E2768D2EC00C71A55 /* Data */ = {
			isa = PBXGroup;
			children = (
				DE569E3E276B924C005F08E1 /* UseCase */,
				DE569E3D276B9246005F08E1 /* Http */,
				DE3A4454277E417B003932CE /* Helpers */,
			);
			path = Data;
			sourceTree = "<group>";
		};
		DE49BF482768D2ED00C71A55 /* DataTests */ = {
			isa = PBXGroup;
			children = (
				DECFB1D22790D64900A6BB24 /* Http */,
				DE1E2DCE278F4F6000D6C454 /* Helpers */,
				DE569E3F276B9254005F08E1 /* UseCase */,
			);
			path = DataTests;
			sourceTree = "<group>";
		};
		DE49BF522768D30B00C71A55 /* Frameworks */ = {
			isa = PBXGroup;
			children = (
			);
			name = Frameworks;
			sourceTree = "<group>";
		};
		DE569E3B276B922B005F08E1 /* UseCase */ = {
			isa = PBXGroup;
			children = (
				DE49BF322768D13A00C71A55 /* AddAccount.swift */,
			);
			path = UseCase;
			sourceTree = "<group>";
		};
		DE569E3C276B9238005F08E1 /* Model */ = {
			isa = PBXGroup;
			children = (
				DE49BF342768D1F500C71A55 /* AccountModel.swift */,
				DE49BF362768D21100C71A55 /* AddAccountModel.swift */,
			);
			path = Model;
			sourceTree = "<group>";
		};
		DE569E3D276B9246005F08E1 /* Http */ = {
			isa = PBXGroup;
			children = (
				DE569E39276B911D005F08E1 /* HttpPostClientProtocol.swift */,
				DE3A4450277E2F19003932CE /* HttpError.swift */,
			);
			path = Http;
			sourceTree = "<group>";
		};
		DE569E3E276B924C005F08E1 /* UseCase */ = {
			isa = PBXGroup;
			children = (
				DE569E37276B90E0005F08E1 /* RemoteAddAccount.swift */,
			);
			path = UseCase;
			sourceTree = "<group>";
		};
		DE569E3F276B9254005F08E1 /* UseCase */ = {
			isa = PBXGroup;
			children = (
				DE49BF492768D2ED00C71A55 /* RemoteAddAccountTests.swift */,
			);
			path = UseCase;
			sourceTree = "<group>";
		};
		DECFB1D22790D64900A6BB24 /* Http */ = {
			isa = PBXGroup;
			children = (
				DECFB1D32790D66300A6BB24 /* HttpClientSpy.swift */,
			);
			path = Http;
			sourceTree = "<group>";
		};
/* End PBXGroup section */

/* Begin PBXHeadersBuildPhase section */
		DE49BF262768CEDC00C71A55 /* Headers */ = {
			isa = PBXHeadersBuildPhase;
			buildActionMask = 2147483647;
			files = (
			);
			runOnlyForDeploymentPostprocessing = 0;
		};
		DE49BF382768D2EC00C71A55 /* Headers */ = {
			isa = PBXHeadersBuildPhase;
			buildActionMask = 2147483647;
			files = (
			);
			runOnlyForDeploymentPostprocessing = 0;
		};
/* End PBXHeadersBuildPhase section */

/* Begin PBXNativeTarget section */
		DE49BF2A2768CEDC00C71A55 /* Domain */ = {
			isa = PBXNativeTarget;
			buildConfigurationList = DE49BF2F2768CEDC00C71A55 /* Build configuration list for PBXNativeTarget "Domain" */;
			buildPhases = (
				DE49BF262768CEDC00C71A55 /* Headers */,
				DE49BF272768CEDC00C71A55 /* Sources */,
				DE49BF282768CEDC00C71A55 /* Frameworks */,
				DE49BF292768CEDC00C71A55 /* Resources */,
			);
			buildRules = (
			);
			dependencies = (
			);
			name = Domain;
			productName = Domain;
			productReference = DE49BF2B2768CEDC00C71A55 /* Domain.framework */;
			productType = "com.apple.product-type.framework";
		};
		DE49BF3C2768D2EC00C71A55 /* Data */ = {
			isa = PBXNativeTarget;
			buildConfigurationList = DE49BF4C2768D2ED00C71A55 /* Build configuration list for PBXNativeTarget "Data" */;
			buildPhases = (
				DE49BF382768D2EC00C71A55 /* Headers */,
				DE49BF392768D2EC00C71A55 /* Sources */,
				DE49BF3A2768D2EC00C71A55 /* Frameworks */,
				DE49BF3B2768D2EC00C71A55 /* Resources */,
				DE49BF572768D30B00C71A55 /* Embed Frameworks */,
			);
			buildRules = (
			);
			dependencies = (
				DE49BF562768D30B00C71A55 /* PBXTargetDependency */,
			);
			name = Data;
			productName = Data;
			productReference = DE49BF3D2768D2EC00C71A55 /* Data.framework */;
			productType = "com.apple.product-type.framework";
		};
		DE49BF432768D2ED00C71A55 /* DataTests */ = {
			isa = PBXNativeTarget;
			buildConfigurationList = DE49BF4F2768D2ED00C71A55 /* Build configuration list for PBXNativeTarget "DataTests" */;
			buildPhases = (
				DE49BF402768D2ED00C71A55 /* Sources */,
				DE49BF412768D2ED00C71A55 /* Frameworks */,
				DE49BF422768D2ED00C71A55 /* Resources */,
			);
			buildRules = (
			);
			dependencies = (
				DE49BF472768D2ED00C71A55 /* PBXTargetDependency */,
			);
			name = DataTests;
			productName = DataTests;
			productReference = DE49BF442768D2ED00C71A55 /* DataTests.xctest */;
			productType = "com.apple.product-type.bundle.unit-test";
		};
/* End PBXNativeTarget section */

/* Begin PBXProject section */
		DE49BF132767D62900C71A55 /* Project object */ = {
			isa = PBXProject;
			attributes = {
				BuildIndependentTargetsInParallel = 1;
				LastSwiftUpdateCheck = 1300;
				LastUpgradeCheck = 1300;
				TargetAttributes = {
					DE49BF2A2768CEDC00C71A55 = {
						CreatedOnToolsVersion = 13.0;
						LastSwiftMigration = 1300;
					};
					DE49BF3C2768D2EC00C71A55 = {
						CreatedOnToolsVersion = 13.0;
						LastSwiftMigration = 1320;
					};
					DE49BF432768D2ED00C71A55 = {
						CreatedOnToolsVersion = 13.0;
					};
				};
			};
			buildConfigurationList = DE49BF162767D62900C71A55 /* Build configuration list for PBXProject "CleanApp" */;
			compatibilityVersion = "Xcode 13.0";
			developmentRegion = en;
			hasScannedForEncodings = 0;
			knownRegions = (
				en,
				Base,
			);
			mainGroup = DE49BF122767D62900C71A55;
			productRefGroup = DE49BF1D2767D62900C71A55 /* Products */;
			projectDirPath = "";
			projectRoot = "";
			targets = (
				DE49BF2A2768CEDC00C71A55 /* Domain */,
				DE49BF3C2768D2EC00C71A55 /* Data */,
				DE49BF432768D2ED00C71A55 /* DataTests */,
			);
		};
/* End PBXProject section */

/* Begin PBXResourcesBuildPhase section */
		DE49BF292768CEDC00C71A55 /* Resources */ = {
			isa = PBXResourcesBuildPhase;
			buildActionMask = 2147483647;
			files = (
			);
			runOnlyForDeploymentPostprocessing = 0;
		};
		DE49BF3B2768D2EC00C71A55 /* Resources */ = {
			isa = PBXResourcesBuildPhase;
			buildActionMask = 2147483647;
			files = (
			);
			runOnlyForDeploymentPostprocessing = 0;
		};
		DE49BF422768D2ED00C71A55 /* Resources */ = {
			isa = PBXResourcesBuildPhase;
			buildActionMask = 2147483647;
			files = (
			);
			runOnlyForDeploymentPostprocessing = 0;
		};
/* End PBXResourcesBuildPhase section */

/* Begin PBXSourcesBuildPhase section */
		DE49BF272768CEDC00C71A55 /* Sources */ = {
			isa = PBXSourcesBuildPhase;
			buildActionMask = 2147483647;
			files = (
				DE3A444E277E2BB3003932CE /* DomainError.swift in Sources */,
				DE49BF332768D13A00C71A55 /* AddAccount.swift in Sources */,
				DE569E36276B8D8C005F08E1 /* Model+Extensions.swift in Sources */,
				DE49BF352768D1F500C71A55 /* AccountModel.swift in Sources */,
				DE49BF372768D21100C71A55 /* AddAccountModel.swift in Sources */,
			);
			runOnlyForDeploymentPostprocessing = 0;
		};
		DE49BF392768D2EC00C71A55 /* Sources */ = {
			isa = PBXSourcesBuildPhase;
			buildActionMask = 2147483647;
			files = (
				DE569E3A276B911D005F08E1 /* HttpPostClientProtocol.swift in Sources */,
				DE3A4453277E4177003932CE /* Data+Extensions.swift in Sources */,
				DE3A4451277E2F19003932CE /* HttpError.swift in Sources */,
				DE569E38276B90E0005F08E1 /* RemoteAddAccount.swift in Sources */,
			);
			runOnlyForDeploymentPostprocessing = 0;
		};
		DE49BF402768D2ED00C71A55 /* Sources */ = {
			isa = PBXSourcesBuildPhase;
			buildActionMask = 2147483647;
			files = (
				DECFB1D12790D60800A6BB24 /* TestFactories.swift in Sources */,
				DECFB1D42790D66300A6BB24 /* HttpClientSpy.swift in Sources */,
				DE49BF4A2768D2ED00C71A55 /* RemoteAddAccountTests.swift in Sources */,
				DECFB1D62790D6B500A6BB24 /* AccountModelFactory.swift in Sources */,
				DE1E2DD1278F4FB600D6C454 /* Tests+Extensions.swift in Sources */,
			);
			runOnlyForDeploymentPostprocessing = 0;
		};
/* End PBXSourcesBuildPhase section */

/* Begin PBXTargetDependency section */
		DE49BF472768D2ED00C71A55 /* PBXTargetDependency */ = {
			isa = PBXTargetDependency;
			target = DE49BF3C2768D2EC00C71A55 /* Data */;
			targetProxy = DE49BF462768D2ED00C71A55 /* PBXContainerItemProxy */;
		};
		DE49BF562768D30B00C71A55 /* PBXTargetDependency */ = {
			isa = PBXTargetDependency;
			target = DE49BF2A2768CEDC00C71A55 /* Domain */;
			targetProxy = DE49BF552768D30B00C71A55 /* PBXContainerItemProxy */;
		};
/* End PBXTargetDependency section */

/* Begin XCBuildConfiguration section */
		DE49BF212767D62900C71A55 /* Debug */ = {
			isa = XCBuildConfiguration;
			buildSettings = {
				ALWAYS_SEARCH_USER_PATHS = NO;
				CLANG_ANALYZER_NONNULL = YES;
				CLANG_ANALYZER_NUMBER_OBJECT_CONVERSION = YES_AGGRESSIVE;
				CLANG_CXX_LANGUAGE_STANDARD = "gnu++17";
				CLANG_CXX_LIBRARY = "libc++";
				CLANG_ENABLE_MODULES = YES;
				CLANG_ENABLE_OBJC_ARC = YES;
				CLANG_ENABLE_OBJC_WEAK = YES;
				CLANG_WARN_BLOCK_CAPTURE_AUTORELEASING = YES;
				CLANG_WARN_BOOL_CONVERSION = YES;
				CLANG_WARN_COMMA = YES;
				CLANG_WARN_CONSTANT_CONVERSION = YES;
				CLANG_WARN_DEPRECATED_OBJC_IMPLEMENTATIONS = YES;
				CLANG_WARN_DIRECT_OBJC_ISA_USAGE = YES_ERROR;
				CLANG_WARN_DOCUMENTATION_COMMENTS = YES;
				CLANG_WARN_EMPTY_BODY = YES;
				CLANG_WARN_ENUM_CONVERSION = YES;
				CLANG_WARN_INFINITE_RECURSION = YES;
				CLANG_WARN_INT_CONVERSION = YES;
				CLANG_WARN_NON_LITERAL_NULL_CONVERSION = YES;
				CLANG_WARN_OBJC_IMPLICIT_RETAIN_SELF = YES;
				CLANG_WARN_OBJC_LITERAL_CONVERSION = YES;
				CLANG_WARN_OBJC_ROOT_CLASS = YES_ERROR;
				CLANG_WARN_QUOTED_INCLUDE_IN_FRAMEWORK_HEADER = YES;
				CLANG_WARN_RANGE_LOOP_ANALYSIS = YES;
				CLANG_WARN_STRICT_PROTOTYPES = YES;
				CLANG_WARN_SUSPICIOUS_MOVE = YES;
				CLANG_WARN_UNGUARDED_AVAILABILITY = YES_AGGRESSIVE;
				CLANG_WARN_UNREACHABLE_CODE = YES;
				CLANG_WARN__DUPLICATE_METHOD_MATCH = YES;
				COPY_PHASE_STRIP = NO;
				CURRENT_PROJECT_VERSION = 1;
				DEBUG_INFORMATION_FORMAT = dwarf;
				ENABLE_STRICT_OBJC_MSGSEND = YES;
				ENABLE_TESTABILITY = YES;
				GCC_C_LANGUAGE_STANDARD = gnu11;
				GCC_DYNAMIC_NO_PIC = NO;
				GCC_NO_COMMON_BLOCKS = YES;
				GCC_OPTIMIZATION_LEVEL = 0;
				GCC_PREPROCESSOR_DEFINITIONS = (
					"DEBUG=1",
					"$(inherited)",
				);
				GCC_WARN_64_TO_32_BIT_CONVERSION = YES;
				GCC_WARN_ABOUT_RETURN_TYPE = YES_ERROR;
				GCC_WARN_UNDECLARED_SELECTOR = YES;
				GCC_WARN_UNINITIALIZED_AUTOS = YES_AGGRESSIVE;
				GCC_WARN_UNUSED_FUNCTION = YES;
				GCC_WARN_UNUSED_VARIABLE = YES;
				IPHONEOS_DEPLOYMENT_TARGET = 15.0;
				MTL_ENABLE_DEBUG_INFO = INCLUDE_SOURCE;
				MTL_FAST_MATH = YES;
				ONLY_ACTIVE_ARCH = YES;
				SDKROOT = iphoneos;
				SWIFT_ACTIVE_COMPILATION_CONDITIONS = DEBUG;
				SWIFT_OPTIMIZATION_LEVEL = "-Onone";
				VERSIONING_SYSTEM = "apple-generic";
				VERSION_INFO_PREFIX = "";
			};
			name = Debug;
		};
		DE49BF222767D62900C71A55 /* Release */ = {
			isa = XCBuildConfiguration;
			buildSettings = {
				ALWAYS_SEARCH_USER_PATHS = NO;
				CLANG_ANALYZER_NONNULL = YES;
				CLANG_ANALYZER_NUMBER_OBJECT_CONVERSION = YES_AGGRESSIVE;
				CLANG_CXX_LANGUAGE_STANDARD = "gnu++17";
				CLANG_CXX_LIBRARY = "libc++";
				CLANG_ENABLE_MODULES = YES;
				CLANG_ENABLE_OBJC_ARC = YES;
				CLANG_ENABLE_OBJC_WEAK = YES;
				CLANG_WARN_BLOCK_CAPTURE_AUTORELEASING = YES;
				CLANG_WARN_BOOL_CONVERSION = YES;
				CLANG_WARN_COMMA = YES;
				CLANG_WARN_CONSTANT_CONVERSION = YES;
				CLANG_WARN_DEPRECATED_OBJC_IMPLEMENTATIONS = YES;
				CLANG_WARN_DIRECT_OBJC_ISA_USAGE = YES_ERROR;
				CLANG_WARN_DOCUMENTATION_COMMENTS = YES;
				CLANG_WARN_EMPTY_BODY = YES;
				CLANG_WARN_ENUM_CONVERSION = YES;
				CLANG_WARN_INFINITE_RECURSION = YES;
				CLANG_WARN_INT_CONVERSION = YES;
				CLANG_WARN_NON_LITERAL_NULL_CONVERSION = YES;
				CLANG_WARN_OBJC_IMPLICIT_RETAIN_SELF = YES;
				CLANG_WARN_OBJC_LITERAL_CONVERSION = YES;
				CLANG_WARN_OBJC_ROOT_CLASS = YES_ERROR;
				CLANG_WARN_QUOTED_INCLUDE_IN_FRAMEWORK_HEADER = YES;
				CLANG_WARN_RANGE_LOOP_ANALYSIS = YES;
				CLANG_WARN_STRICT_PROTOTYPES = YES;
				CLANG_WARN_SUSPICIOUS_MOVE = YES;
				CLANG_WARN_UNGUARDED_AVAILABILITY = YES_AGGRESSIVE;
				CLANG_WARN_UNREACHABLE_CODE = YES;
				CLANG_WARN__DUPLICATE_METHOD_MATCH = YES;
				COPY_PHASE_STRIP = NO;
				CURRENT_PROJECT_VERSION = 1;
				DEBUG_INFORMATION_FORMAT = "dwarf-with-dsym";
				ENABLE_NS_ASSERTIONS = NO;
				ENABLE_STRICT_OBJC_MSGSEND = YES;
				GCC_C_LANGUAGE_STANDARD = gnu11;
				GCC_NO_COMMON_BLOCKS = YES;
				GCC_WARN_64_TO_32_BIT_CONVERSION = YES;
				GCC_WARN_ABOUT_RETURN_TYPE = YES_ERROR;
				GCC_WARN_UNDECLARED_SELECTOR = YES;
				GCC_WARN_UNINITIALIZED_AUTOS = YES_AGGRESSIVE;
				GCC_WARN_UNUSED_FUNCTION = YES;
				GCC_WARN_UNUSED_VARIABLE = YES;
				IPHONEOS_DEPLOYMENT_TARGET = 15.0;
				MTL_ENABLE_DEBUG_INFO = NO;
				MTL_FAST_MATH = YES;
				SDKROOT = iphoneos;
				SWIFT_COMPILATION_MODE = wholemodule;
				SWIFT_OPTIMIZATION_LEVEL = "-O";
				VALIDATE_PRODUCT = YES;
				VERSIONING_SYSTEM = "apple-generic";
				VERSION_INFO_PREFIX = "";
			};
			name = Release;
		};
		DE49BF302768CEDC00C71A55 /* Debug */ = {
			isa = XCBuildConfiguration;
			buildSettings = {
				CLANG_ENABLE_MODULES = YES;
				CODE_SIGN_STYLE = Automatic;
				COMBINE_HIDPI_IMAGES = YES;
				CURRENT_PROJECT_VERSION = 1;
				DEFINES_MODULE = YES;
				DEVELOPMENT_TEAM = WKN62NB674;
				DYLIB_COMPATIBILITY_VERSION = 1;
				DYLIB_CURRENT_VERSION = 1;
				DYLIB_INSTALL_NAME_BASE = "@rpath";
				GENERATE_INFOPLIST_FILE = YES;
				INFOPLIST_KEY_NSHumanReadableCopyright = "";
				INSTALL_PATH = "$(LOCAL_LIBRARY_DIR)/Frameworks";
				LD_RUNPATH_SEARCH_PATHS = (
					"$(inherited)",
					"@executable_path/../Frameworks",
					"@loader_path/Frameworks",
				);
				MACOSX_DEPLOYMENT_TARGET = 11.3;
				MARKETING_VERSION = 1.0;
				PRODUCT_BUNDLE_IDENTIFIER = estudo.Domain;
				PRODUCT_NAME = "$(TARGET_NAME:c99extidentifier)";
				SDKROOT = macosx;
				SKIP_INSTALL = YES;
				SWIFT_EMIT_LOC_STRINGS = YES;
				SWIFT_OPTIMIZATION_LEVEL = "-Onone";
				SWIFT_VERSION = 5.0;
			};
			name = Debug;
		};
		DE49BF312768CEDC00C71A55 /* Release */ = {
			isa = XCBuildConfiguration;
			buildSettings = {
				CLANG_ENABLE_MODULES = YES;
				CODE_SIGN_STYLE = Automatic;
				COMBINE_HIDPI_IMAGES = YES;
				CURRENT_PROJECT_VERSION = 1;
				DEFINES_MODULE = YES;
				DEVELOPMENT_TEAM = WKN62NB674;
				DYLIB_COMPATIBILITY_VERSION = 1;
				DYLIB_CURRENT_VERSION = 1;
				DYLIB_INSTALL_NAME_BASE = "@rpath";
				GENERATE_INFOPLIST_FILE = YES;
				INFOPLIST_KEY_NSHumanReadableCopyright = "";
				INSTALL_PATH = "$(LOCAL_LIBRARY_DIR)/Frameworks";
				LD_RUNPATH_SEARCH_PATHS = (
					"$(inherited)",
					"@executable_path/../Frameworks",
					"@loader_path/Frameworks",
				);
				MACOSX_DEPLOYMENT_TARGET = 11.3;
				MARKETING_VERSION = 1.0;
				PRODUCT_BUNDLE_IDENTIFIER = estudo.Domain;
				PRODUCT_NAME = "$(TARGET_NAME:c99extidentifier)";
				SDKROOT = macosx;
				SKIP_INSTALL = YES;
				SWIFT_EMIT_LOC_STRINGS = YES;
				SWIFT_VERSION = 5.0;
			};
			name = Release;
		};
		DE49BF4D2768D2ED00C71A55 /* Debug */ = {
			isa = XCBuildConfiguration;
			buildSettings = {
				CLANG_ENABLE_MODULES = YES;
				CODE_SIGN_STYLE = Automatic;
				COMBINE_HIDPI_IMAGES = YES;
				CURRENT_PROJECT_VERSION = 1;
				DEFINES_MODULE = YES;
				DEVELOPMENT_TEAM = WKN62NB674;
				DYLIB_COMPATIBILITY_VERSION = 1;
				DYLIB_CURRENT_VERSION = 1;
				DYLIB_INSTALL_NAME_BASE = "@rpath";
				GENERATE_INFOPLIST_FILE = YES;
				INFOPLIST_KEY_NSHumanReadableCopyright = "";
				INSTALL_PATH = "$(LOCAL_LIBRARY_DIR)/Frameworks";
				LD_RUNPATH_SEARCH_PATHS = (
					"$(inherited)",
					"@executable_path/../Frameworks",
					"@loader_path/Frameworks",
				);
				MACOSX_DEPLOYMENT_TARGET = 11.3;
				MARKETING_VERSION = 1.0;
				PRODUCT_BUNDLE_IDENTIFIER = estudo.Data;
				PRODUCT_NAME = "$(TARGET_NAME:c99extidentifier)";
				SDKROOT = macosx;
				SKIP_INSTALL = YES;
				SWIFT_EMIT_LOC_STRINGS = YES;
				SWIFT_OPTIMIZATION_LEVEL = "-Onone";
				SWIFT_VERSION = 5.0;
			};
			name = Debug;
		};
		DE49BF4E2768D2ED00C71A55 /* Release */ = {
			isa = XCBuildConfiguration;
			buildSettings = {
				CLANG_ENABLE_MODULES = YES;
				CODE_SIGN_STYLE = Automatic;
				COMBINE_HIDPI_IMAGES = YES;
				CURRENT_PROJECT_VERSION = 1;
				DEFINES_MODULE = YES;
				DEVELOPMENT_TEAM = WKN62NB674;
				DYLIB_COMPATIBILITY_VERSION = 1;
				DYLIB_CURRENT_VERSION = 1;
				DYLIB_INSTALL_NAME_BASE = "@rpath";
				GENERATE_INFOPLIST_FILE = YES;
				INFOPLIST_KEY_NSHumanReadableCopyright = "";
				INSTALL_PATH = "$(LOCAL_LIBRARY_DIR)/Frameworks";
				LD_RUNPATH_SEARCH_PATHS = (
					"$(inherited)",
					"@executable_path/../Frameworks",
					"@loader_path/Frameworks",
				);
				MACOSX_DEPLOYMENT_TARGET = 11.3;
				MARKETING_VERSION = 1.0;
				PRODUCT_BUNDLE_IDENTIFIER = estudo.Data;
				PRODUCT_NAME = "$(TARGET_NAME:c99extidentifier)";
				SDKROOT = macosx;
				SKIP_INSTALL = YES;
				SWIFT_EMIT_LOC_STRINGS = YES;
				SWIFT_VERSION = 5.0;
			};
			name = Release;
		};
		DE49BF502768D2ED00C71A55 /* Debug */ = {
			isa = XCBuildConfiguration;
			buildSettings = {
				ALWAYS_EMBED_SWIFT_STANDARD_LIBRARIES = YES;
				CODE_SIGN_STYLE = Automatic;
				COMBINE_HIDPI_IMAGES = YES;
				CURRENT_PROJECT_VERSION = 1;
				DEVELOPMENT_TEAM = WKN62NB674;
				GENERATE_INFOPLIST_FILE = YES;
				LD_RUNPATH_SEARCH_PATHS = (
					"$(inherited)",
					"@executable_path/../Frameworks",
					"@loader_path/../Frameworks",
				);
				MACOSX_DEPLOYMENT_TARGET = 11.3;
				MARKETING_VERSION = 1.0;
				PRODUCT_BUNDLE_IDENTIFIER = estudo.DataTests;
				PRODUCT_NAME = "$(TARGET_NAME)";
				SDKROOT = macosx;
				SWIFT_EMIT_LOC_STRINGS = NO;
				SWIFT_VERSION = 5.0;
			};
			name = Debug;
		};
		DE49BF512768D2ED00C71A55 /* Release */ = {
			isa = XCBuildConfiguration;
			buildSettings = {
				ALWAYS_EMBED_SWIFT_STANDARD_LIBRARIES = YES;
				CODE_SIGN_STYLE = Automatic;
				COMBINE_HIDPI_IMAGES = YES;
				CURRENT_PROJECT_VERSION = 1;
				DEVELOPMENT_TEAM = WKN62NB674;
				GENERATE_INFOPLIST_FILE = YES;
				LD_RUNPATH_SEARCH_PATHS = (
					"$(inherited)",
					"@executable_path/../Frameworks",
					"@loader_path/../Frameworks",
				);
				MACOSX_DEPLOYMENT_TARGET = 11.3;
				MARKETING_VERSION = 1.0;
				PRODUCT_BUNDLE_IDENTIFIER = estudo.DataTests;
				PRODUCT_NAME = "$(TARGET_NAME)";
				SDKROOT = macosx;
				SWIFT_EMIT_LOC_STRINGS = NO;
				SWIFT_VERSION = 5.0;
			};
			name = Release;
		};
/* End XCBuildConfiguration section */

/* Begin XCConfigurationList section */
		DE49BF162767D62900C71A55 /* Build configuration list for PBXProject "CleanApp" */ = {
			isa = XCConfigurationList;
			buildConfigurations = (
				DE49BF212767D62900C71A55 /* Debug */,
				DE49BF222767D62900C71A55 /* Release */,
			);
			defaultConfigurationIsVisible = 0;
			defaultConfigurationName = Release;
		};
		DE49BF2F2768CEDC00C71A55 /* Build configuration list for PBXNativeTarget "Domain" */ = {
			isa = XCConfigurationList;
			buildConfigurations = (
				DE49BF302768CEDC00C71A55 /* Debug */,
				DE49BF312768CEDC00C71A55 /* Release */,
			);
			defaultConfigurationIsVisible = 0;
			defaultConfigurationName = Release;
		};
		DE49BF4C2768D2ED00C71A55 /* Build configuration list for PBXNativeTarget "Data" */ = {
			isa = XCConfigurationList;
			buildConfigurations = (
				DE49BF4D2768D2ED00C71A55 /* Debug */,
				DE49BF4E2768D2ED00C71A55 /* Release */,
			);
			defaultConfigurationIsVisible = 0;
			defaultConfigurationName = Release;
		};
		DE49BF4F2768D2ED00C71A55 /* Build configuration list for PBXNativeTarget "DataTests" */ = {
			isa = XCConfigurationList;
			buildConfigurations = (
				DE49BF502768D2ED00C71A55 /* Debug */,
				DE49BF512768D2ED00C71A55 /* Release */,
			);
			defaultConfigurationIsVisible = 0;
			defaultConfigurationName = Release;
		};
/* End XCConfigurationList section */
	};
	rootObject = DE49BF132767D62900C71A55 /* Project object */;
}
